
Microsoft Visual Studio Solution File, Format Version 12.00
# Visual Studio Version 16
VisualStudioVersion = 16.0.31702.278
MinimumVisualStudioVersion = 10.0.40219.1
Project("{FAE04EC0-301F-11D3-BF4B-00C04F79EFBC}") = "VetorClasses", "VetorClasses\VetorClasses.csproj", "{BEC044D8-6D96-4740-AADF-D1BF3F696C14}"
EndProject
Global
	GlobalSection(SolutionConfigurationPlatforms) = preSolution
		Debug|Any CPU = Debug|Any CPU
		Release|Any CPU = Release|Any CPU
	EndGlobalSection
	GlobalSection(ProjectConfigurationPlatforms) = postSolution
		{BEC044D8-6D96-4740-AADF-D1BF3F696C14}.Debug|Any CPU.ActiveCfg = Debug|Any CPU
		{BEC044D8-6D96-4740-AADF-D1BF3F696C14}.Debug|Any CPU.Build.0 = Debug|Any CPU
		{BEC044D8-6D96-4740-AADF-D1BF3F696C14}.Release|Any CPU.ActiveCfg = Release|Any CPU
		{BEC044D8-6D96-4740-AADF-D1BF3F696C14}.Release|Any CPU.Build.0 = Release|Any CPU
	EndGlobalSection
	GlobalSection(SolutionProperties) = preSolution
		HideSolutionNode = FALSE
	EndGlobalSection
	GlobalSection(ExtensibilityGlobals) = postSolution
		SolutionGuid = {F36874D1-6416-49A1-821A-0B6EEDA9ED6F}
	EndGlobalSection
EndGlobal
