
Microsoft Visual Studio Solution File, Format Version 12.00
# Visual Studio Version 16
VisualStudioVersion = 16.0.31702.278
MinimumVisualStudioVersion = 10.0.40219.1
Project("{FAE04EC0-301F-11D3-BF4B-00C04F79EFBC}") = "Course", "Course\Course.csproj", "{D3A92E28-B131-474C-A5C9-EC26EDA94C2B}"
EndProject
Global
	GlobalSection(SolutionConfigurationPlatforms) = preSolution
		Debug|Any CPU = Debug|Any CPU
		Release|Any CPU = Release|Any CPU
	EndGlobalSection
	GlobalSection(ProjectConfigurationPlatforms) = postSolution
		{D3A92E28-B131-474C-A5C9-EC26EDA94C2B}.Debug|Any CPU.ActiveCfg = Debug|Any CPU
		{D3A92E28-B131-474C-A5C9-EC26EDA94C2B}.Debug|Any CPU.Build.0 = Debug|Any CPU
		{D3A92E28-B131-474C-A5C9-EC26EDA94C2B}.Release|Any CPU.ActiveCfg = Release|Any CPU
		{D3A92E28-B131-474C-A5C9-EC26EDA94C2B}.Release|Any CPU.Build.0 = Release|Any CPU
	EndGlobalSection
	GlobalSection(SolutionProperties) = preSolution
		HideSolutionNode = FALSE
	EndGlobalSection
	GlobalSection(ExtensibilityGlobals) = postSolution
		SolutionGuid = {8C2D75D3-1BD0-42B8-BDA0-974BB8798D22}
	EndGlobalSection
EndGlobal
