
Microsoft Visual Studio Solution File, Format Version 12.00
# Visual Studio Version 17
VisualStudioVersion = 17.4.32912.340
MinimumVisualStudioVersion = 10.0.40219.1
Project("{FAE04EC0-301F-11D3-BF4B-00C04F79EFBC}") = "Composicao3", "Composicao3\Composicao3.csproj", "{7A751DB5-E825-4486-B885-17F10E5F2E6D}"
EndProject
Global
	GlobalSection(SolutionConfigurationPlatforms) = preSolution
		Debug|Any CPU = Debug|Any CPU
		Release|Any CPU = Release|Any CPU
	EndGlobalSection
	GlobalSection(ProjectConfigurationPlatforms) = postSolution
		{7A751DB5-E825-4486-B885-17F10E5F2E6D}.Debug|Any CPU.ActiveCfg = Debug|Any CPU
		{7A751DB5-E825-4486-B885-17F10E5F2E6D}.Debug|Any CPU.Build.0 = Debug|Any CPU
		{7A751DB5-E825-4486-B885-17F10E5F2E6D}.Release|Any CPU.ActiveCfg = Release|Any CPU
		{7A751DB5-E825-4486-B885-17F10E5F2E6D}.Release|Any CPU.Build.0 = Release|Any CPU
	EndGlobalSection
	GlobalSection(SolutionProperties) = preSolution
		HideSolutionNode = FALSE
	EndGlobalSection
	GlobalSection(ExtensibilityGlobals) = postSolution
		SolutionGuid = {FE0282CA-85A4-44F6-AB01-BFEB7A625F29}
	EndGlobalSection
EndGlobal
