
Microsoft Visual Studio Solution File, Format Version 12.00
# Visual Studio Version 16
VisualStudioVersion = 16.0.31702.278
MinimumVisualStudioVersion = 10.0.40219.1
Project("{9A19103F-16F7-4668-BE54-9A1E7A4F7556}") = "Salario", "Salario\Salario.csproj", "{D099A3B2-6D7B-477E-AC43-95A7D18937D3}"
EndProject
Global
	GlobalSection(SolutionConfigurationPlatforms) = preSolution
		Debug|Any CPU = Debug|Any CPU
		Release|Any CPU = Release|Any CPU
	EndGlobalSection
	GlobalSection(ProjectConfigurationPlatforms) = postSolution
		{D099A3B2-6D7B-477E-AC43-95A7D18937D3}.Debug|Any CPU.ActiveCfg = Debug|Any CPU
		{D099A3B2-6D7B-477E-AC43-95A7D18937D3}.Debug|Any CPU.Build.0 = Debug|Any CPU
		{D099A3B2-6D7B-477E-AC43-95A7D18937D3}.Release|Any CPU.ActiveCfg = Release|Any CPU
		{D099A3B2-6D7B-477E-AC43-95A7D18937D3}.Release|Any CPU.Build.0 = Release|Any CPU
	EndGlobalSection
	GlobalSection(SolutionProperties) = preSolution
		HideSolutionNode = FALSE
	EndGlobalSection
	GlobalSection(ExtensibilityGlobals) = postSolution
		SolutionGuid = {1C7EAA41-6E1D-44DC-B2F9-8281F79F7B69}
	EndGlobalSection
EndGlobal
