
Microsoft Visual Studio Solution File, Format Version 12.00
# Visual Studio Version 16
VisualStudioVersion = 16.0.31702.278
MinimumVisualStudioVersion = 10.0.40219.1
Project("{FAE04EC0-301F-11D3-BF4B-00C04F79EFBC}") = "Structs", "Structs\Structs.csproj", "{B5F0AAE6-A037-448A-A7D0-5C67094825B9}"
EndProject
Global
	GlobalSection(SolutionConfigurationPlatforms) = preSolution
		Debug|Any CPU = Debug|Any CPU
		Release|Any CPU = Release|Any CPU
	EndGlobalSection
	GlobalSection(ProjectConfigurationPlatforms) = postSolution
		{B5F0AAE6-A037-448A-A7D0-5C67094825B9}.Debug|Any CPU.ActiveCfg = Debug|Any CPU
		{B5F0AAE6-A037-448A-A7D0-5C67094825B9}.Debug|Any CPU.Build.0 = Debug|Any CPU
		{B5F0AAE6-A037-448A-A7D0-5C67094825B9}.Release|Any CPU.ActiveCfg = Release|Any CPU
		{B5F0AAE6-A037-448A-A7D0-5C67094825B9}.Release|Any CPU.Build.0 = Release|Any CPU
	EndGlobalSection
	GlobalSection(SolutionProperties) = preSolution
		HideSolutionNode = FALSE
	EndGlobalSection
	GlobalSection(ExtensibilityGlobals) = postSolution
		SolutionGuid = {5CD34821-B0F2-40A9-9CA7-3CB783773D4B}
	EndGlobalSection
EndGlobal
