
Microsoft Visual Studio Solution File, Format Version 12.00
# Visual Studio Version 16
VisualStudioVersion = 16.0.31702.278
MinimumVisualStudioVersion = 10.0.40219.1
Project("{9A19103F-16F7-4668-BE54-9A1E7A4F7556}") = "Nullable", "Nullable\Nullable.csproj", "{7209DE00-FC22-4356-BF27-9F3C605AD7EC}"
EndProject
Global
	GlobalSection(SolutionConfigurationPlatforms) = preSolution
		Debug|Any CPU = Debug|Any CPU
		Release|Any CPU = Release|Any CPU
	EndGlobalSection
	GlobalSection(ProjectConfigurationPlatforms) = postSolution
		{7209DE00-FC22-4356-BF27-9F3C605AD7EC}.Debug|Any CPU.ActiveCfg = Debug|Any CPU
		{7209DE00-FC22-4356-BF27-9F3C605AD7EC}.Debug|Any CPU.Build.0 = Debug|Any CPU
		{7209DE00-FC22-4356-BF27-9F3C605AD7EC}.Release|Any CPU.ActiveCfg = Release|Any CPU
		{7209DE00-FC22-4356-BF27-9F3C605AD7EC}.Release|Any CPU.Build.0 = Release|Any CPU
	EndGlobalSection
	GlobalSection(SolutionProperties) = preSolution
		HideSolutionNode = FALSE
	EndGlobalSection
	GlobalSection(ExtensibilityGlobals) = postSolution
		SolutionGuid = {19A5CBD5-582F-409B-912D-EA4C5FAC9C6D}
	EndGlobalSection
EndGlobal
