
Microsoft Visual Studio Solution File, Format Version 12.00
# Visual Studio Version 16
VisualStudioVersion = 16.0.31702.278
MinimumVisualStudioVersion = 10.0.40219.1
Project("{FAE04EC0-301F-11D3-BF4B-00C04F79EFBC}") = "StructOuClasse", "StructOuClasse\StructOuClasse.csproj", "{5791ABF5-2747-4CB5-8DBF-51F5F97F6D5D}"
EndProject
Global
	GlobalSection(SolutionConfigurationPlatforms) = preSolution
		Debug|Any CPU = Debug|Any CPU
		Release|Any CPU = Release|Any CPU
	EndGlobalSection
	GlobalSection(ProjectConfigurationPlatforms) = postSolution
		{5791ABF5-2747-4CB5-8DBF-51F5F97F6D5D}.Debug|Any CPU.ActiveCfg = Debug|Any CPU
		{5791ABF5-2747-4CB5-8DBF-51F5F97F6D5D}.Debug|Any CPU.Build.0 = Debug|Any CPU
		{5791ABF5-2747-4CB5-8DBF-51F5F97F6D5D}.Release|Any CPU.ActiveCfg = Release|Any CPU
		{5791ABF5-2747-4CB5-8DBF-51F5F97F6D5D}.Release|Any CPU.Build.0 = Release|Any CPU
	EndGlobalSection
	GlobalSection(SolutionProperties) = preSolution
		HideSolutionNode = FALSE
	EndGlobalSection
	GlobalSection(ExtensibilityGlobals) = postSolution
		SolutionGuid = {E74621EC-2C05-4365-9097-8D0D363F3CE4}
	EndGlobalSection
EndGlobal
